# This file is automatically @generated by Cargo.
# It is not intended for manual editing.
[[package]]
name = "either"
version = "1.6.1"
source = "registry+https://github.com/rust-lang/crates.io-index"
checksum = "e78d4f1cc4ae33bbfc157ed5d5a5ef3bc29227303d595861deb238fcec4e9457"

[[package]]
name = "itertools"
version = "0.9.0"
source = "registry+https://github.com/rust-lang/crates.io-index"
checksum = "284f18f85651fe11e8a991b2adb42cb078325c996ed026d994719efcfca1d54b"
dependencies = [
 "either",
]

[[package]]
name = "six"
version = "0.1.0"
dependencies = [
 "itertools",
 "undup",
]

[[package]]
name = "undup"
version = "0.0.1"
source = "registry+https://github.com/rust-lang/crates.io-index"
checksum = "821dac11f9e26febecc5e2c041bbe9c4fceb36c09356e6e0e17b220d761438a9"
